
Microsoft Visual Studio Solution File, Format Version 12.00
# Visual Studio 15
Project("{FAE04EC0-301F-11D3-BF4B-00C04F79EFBC}") = "Visitor", "Visitor.csproj", "{40BFFF17-F0E4-4F95-8BB7-FFF2769568EF}"
EndProject
Global
	GlobalSection(SolutionConfigurationPlatforms) = preSolution
		Debug|Any CPU = Debug|Any CPU
		Release|Any CPU = Release|Any CPU
	EndGlobalSection
	GlobalSection(ProjectConfigurationPlatforms) = postSolution
		{40BFFF17-F0E4-4F95-8BB7-FFF2769568EF}.Debug|Any CPU.ActiveCfg = Debug|Any CPU
		{40BFFF17-F0E4-4F95-8BB7-FFF2769568EF}.Debug|Any CPU.Build.0 = Debug|Any CPU
		{40BFFF17-F0E4-4F95-8BB7-FFF2769568EF}.Release|Any CPU.ActiveCfg = Release|Any CPU
		{40BFFF17-F0E4-4F95-8BB7-FFF2769568EF}.Release|Any CPU.Build.0 = Release|Any CPU
	EndGlobalSection
EndGlobal
